pytest==8.3.5
jsonschema==4.23.0
PyYAML==6.0.2
attrs==26.1.0
iniconfig==2.3.0
jsonschema-specifications==2025.9.1
packaging==26.2
pluggy==1.6.0
referencing==0.37.0
rpds-py==2026.6.3
typing-extensions==4.16.0
numpy==2.5.2
fastapi==0.104.1
httpx==0.25.2
pydantic==2.5.0
python-multipart==0.0.6
python-pptx==0.6.23
SQLAlchemy==2.0.23
